// !$*UTF8*$!
{
	archiveVersion = 1;
	classes = {
	};
	objectVersion = 50;
	objects = {

/* Begin PBXBuildFile section */
		1D1228032632D04A005E8E50 /* AppDelegate.swift in Sources */ = {isa = PBXBuildFile; fileRef = 1D1228022632D04A005E8E50 /* AppDelegate.swift */; };
		1D1228052632D04A005E8E50 /* SceneDelegate.swift in Sources */ = {isa = PBXBuildFile; fileRef = 1D1228042632D04A005E8E50 /* SceneDelegate.swift */; };
		1D1228072632D04A005E8E50 /* ViewController.swift in Sources */ = {isa = PBXBuildFile; fileRef = 1D1228062632D04A005E8E50 /* ViewController.swift */; };
		1D12280A2632D04A005E8E50 /* Main.storyboard in Resources */ = {isa = PBXBuildFile; fileRef = 1D1228082632D04A005E8E50 /* Main.storyboard */; };
		1D12280C2632D04D005E8E50 /* Assets.xcassets in Resources */ = {isa = PBXBuildFile; fileRef = 1D12280B2632D04D005E8E50 /* Assets.xcassets */; };
		1D12280F2632D04D005E8E50 /* LaunchScreen.storyboard in Resources */ = {isa = PBXBuildFile; fileRef = 1D12280D2632D04D005E8E50 /* LaunchScreen.storyboard */; };
		1D12281A2632D04D005E8E50 /* CFConverterTests.swift in Sources */ = {isa = PBXBuildFile; fileRef = 1D1228192632D04D005E8E50 /* CFConverterTests.swift */; };
		1D1228252632D04D005E8E50 /* CFConverterUITests.swift in Sources */ = {isa = PBXBuildFile; fileRef = 1D1228242632D04D005E8E50 /* CFConverterUITests.swift */; };
		1DBFA2E32632D3A20007638A /* Converter.swift in Sources */ = {isa = PBXBuildFile; fileRef = 1DBFA2E22632D3A20007638A /* Converter.swift */; };
/* End PBXBuildFile section */

/* Begin PBXContainerItemProxy section */
		1D1228162632D04D005E8E50 /* PBXContainerItemProxy */ = {
			isa = PBXContainerItemProxy;
			containerPortal = 1D1227F72632D049005E8E50 /* Project object */;
			proxyType = 1;
			remoteGlobalIDString = 1D1227FE2632D049005E8E50;
			remoteInfo = CFConverter;
		};
		1D1228212632D04D005E8E50 /* PBXContainerItemProxy */ = {
			isa = PBXContainerItemProxy;
			containerPortal = 1D1227F72632D049005E8E50 /* Project object */;
			proxyType = 1;
			remoteGlobalIDString = 1D1227FE2632D049005E8E50;
			remoteInfo = CFConverter;
		};
/* End PBXContainerItemProxy section */

/* Begin PBXFileReference section */
		1D1227FF2632D04A005E8E50 /* CFConverter.app */ = {isa = PBXFileReference; explicitFileType = wrapper.application; includeInIndex = 0; path = CFConverter.app; sourceTree = BUILT_PRODUCTS_DIR; };
		1D1228022632D04A005E8E50 /* AppDelegate.swift */ = {isa = PBXFileReference; lastKnownFileType = sourcecode.swift; path = AppDelegate.swift; sourceTree = "<group>"; };
		1D1228042632D04A005E8E50 /* SceneDelegate.swift */ = {isa = PBXFileReference; lastKnownFileType = sourcecode.swift; path = SceneDelegate.swift; sourceTree = "<group>"; };
		1D1228062632D04A005E8E50 /* ViewController.swift */ = {isa = PBXFileReference; lastKnownFileType = sourcecode.swift; path = ViewController.swift; sourceTree = "<group>"; };
		1D1228092632D04A005E8E50 /* Base */ = {isa = PBXFileReference; lastKnownFileType = file.storyboard; name = Base; path = Base.lproj/Main.storyboard; sourceTree = "<group>"; };
		1D12280B2632D04D005E8E50 /* Assets.xcassets */ = {isa = PBXFileReference; lastKnownFileType = folder.assetcatalog; path = Assets.xcassets; sourceTree = "<group>"; };
		1D12280E2632D04D005E8E50 /* Base */ = {isa = PBXFileReference; lastKnownFileType = file.storyboard; name = Base; path = Base.lproj/LaunchScreen.storyboard; sourceTree = "<group>"; };
		1D1228102632D04D005E8E50 /* Info.plist */ = {isa = PBXFileReference; lastKnownFileType = text.plist.xml; path = Info.plist; sourceTree = "<group>"; };
		1D1228152632D04D005E8E50 /* CFConverterTests.xctest */ = {isa = PBXFileReference; explicitFileType = wrapper.cfbundle; includeInIndex = 0; path = CFConverterTests.xctest; sourceTree = BUILT_PRODUCTS_DIR; };
		1D1228192632D04D005E8E50 /* CFConverterTests.swift */ = {isa = PBXFileReference; lastKnownFileType = sourcecode.swift; path = CFConverterTests.swift; sourceTree = "<group>"; };
		1D12281B2632D04D005E8E50 /* Info.plist */ = {isa = PBXFileReference; lastKnownFileType = text.plist.xml; path = Info.plist; sourceTree = "<group>"; };
		1D1228202632D04D005E8E50 /* CFConverterUITests.xctest */ = {isa = PBXFileReference; explicitFileType = wrapper.cfbundle; includeInIndex = 0; path = CFConverterUITests.xctest; sourceTree = BUILT_PRODUCTS_DIR; };
		1D1228242632D04D005E8E50 /* CFConverterUITests.swift */ = {isa = PBXFileReference; lastKnownFileType = sourcecode.swift; path = CFConverterUITests.swift; sourceTree = "<group>"; };
		1D1228262632D04D005E8E50 /* Info.plist */ = {isa = PBXFileReference; lastKnownFileType = text.plist.xml; path = Info.plist; sourceTree = "<group>"; };
		1DBFA2E22632D3A20007638A /* Converter.swift */ = {isa = PBXFileReference; lastKnownFileType = sourcecode.swift; path = Converter.swift; sourceTree = "<group>"; };
/* End PBXFileReference section */

/* Begin PBXFrameworksBuildPhase section */
		1D1227FC2632D049005E8E50 /* Frameworks */ = {
			isa = PBXFrameworksBuildPhase;
			buildActionMask = 2147483647;
			files = (
			);
			runOnlyForDeploymentPostprocessing = 0;
		};
		1D1228122632D04D005E8E50 /* Frameworks */ = {
			isa = PBXFrameworksBuildPhase;
			buildActionMask = 2147483647;
			files = (
			);
			runOnlyForDeploymentPostprocessing = 0;
		};
		1D12281D2632D04D005E8E50 /* Frameworks */ = {
			isa = PBXFrameworksBuildPhase;
			buildActionMask = 2147483647;
			files = (
			);
			runOnlyForDeploymentPostprocessing = 0;
		};
/* End PBXFrameworksBuildPhase section */

/* Begin PBXGroup section */
		1D1227F62632D049005E8E50 = {
			isa = PBXGroup;
			children = (
				1D1228012632D04A005E8E50 /* CFConverter */,
				1D1228182632D04D005E8E50 /* CFConverterTests */,
				1D1228232632D04D005E8E50 /* CFConverterUITests */,
				1D1228002632D04A005E8E50 /* Products */,
			);
			sourceTree = "<group>";
		};
		1D1228002632D04A005E8E50 /* Products */ = {
			isa = PBXGroup;
			children = (
				1D1227FF2632D04A005E8E50 /* CFConverter.app */,
				1D1228152632D04D005E8E50 /* CFConverterTests.xctest */,
				1D1228202632D04D005E8E50 /* CFConverterUITests.xctest */,
			);
			name = Products;
			sourceTree = "<group>";
		};
		1D1228012632D04A005E8E50 /* CFConverter */ = {
			isa = PBXGroup;
			children = (
				1DBFA2E22632D3A20007638A /* Converter.swift */,
				1D1228022632D04A005E8E50 /* AppDelegate.swift */,
				1D1228042632D04A005E8E50 /* SceneDelegate.swift */,
				1D1228062632D04A005E8E50 /* ViewController.swift */,
				1D1228082632D04A005E8E50 /* Main.storyboard */,
				1D12280B2632D04D005E8E50 /* Assets.xcassets */,
				1D12280D2632D04D005E8E50 /* LaunchScreen.storyboard */,
				1D1228102632D04D005E8E50 /* Info.plist */,
			);
			path = CFConverter;
			sourceTree = "<group>";
		};
		1D1228182632D04D005E8E50 /* CFConverterTests */ = {
			isa = PBXGroup;
			children = (
				1D1228192632D04D005E8E50 /* CFConverterTests.swift */,
				1D12281B2632D04D005E8E50 /* Info.plist */,
			);
			path = CFConverterTests;
			sourceTree = "<group>";
		};
		1D1228232632D04D005E8E50 /* CFConverterUITests */ = {
			isa = PBXGroup;
			children = (
				1D1228242632D04D005E8E50 /* CFConverterUITests.swift */,
				1D1228262632D04D005E8E50 /* Info.plist */,
			);
			path = CFConverterUITests;
			sourceTree = "<group>";
		};
/* End PBXGroup section */

/* Begin PBXNativeTarget section */
		1D1227FE2632D049005E8E50 /* CFConverter */ = {
			isa = PBXNativeTarget;
			buildConfigurationList = 1D1228292632D04D005E8E50 /* Build configuration list for PBXNativeTarget "CFConverter" */;
			buildPhases = (
				1D1227FB2632D049005E8E50 /* Sources */,
				1D1227FC2632D049005E8E50 /* Frameworks */,
				1D1227FD2632D049005E8E50 /* Resources */,
			);
			buildRules = (
			);
			dependencies = (
			);
			name = CFConverter;
			productName = CFConverter;
			productReference = 1D1227FF2632D04A005E8E50 /* CFConverter.app */;
			productType = "com.apple.product-type.application";
		};
		1D1228142632D04D005E8E50 /* CFConverterTests */ = {
			isa = PBXNativeTarget;
			buildConfigurationList = 1D12282C2632D04D005E8E50 /* Build configuration list for PBXNativeTarget "CFConverterTests" */;
			buildPhases = (
				1D1228112632D04D005E8E50 /* Sources */,
				1D1228122632D04D005E8E50 /* Frameworks */,
				1D1228132632D04D005E8E50 /* Resources */,
			);
			buildRules = (
			);
			dependencies = (
				1D1228172632D04D005E8E50 /* PBXTargetDependency */,
			);
			name = CFConverterTests;
			productName = CFConverterTests;
			productReference = 1D1228152632D04D005E8E50 /* CFConverterTests.xctest */;
			productType = "com.apple.product-type.bundle.unit-test";
		};
		1D12281F2632D04D005E8E50 /* CFConverterUITests */ = {
			isa = PBXNativeTarget;
			buildConfigurationList = 1D12282F2632D04D005E8E50 /* Build configuration list for PBXNativeTarget "CFConverterUITests" */;
			buildPhases = (
				1D12281C2632D04D005E8E50 /* Sources */,
				1D12281D2632D04D005E8E50 /* Frameworks */,
				1D12281E2632D04D005E8E50 /* Resources */,
			);
			buildRules = (
			);
			dependencies = (
				1D1228222632D04D005E8E50 /* PBXTargetDependency */,
			);
			name = CFConverterUITests;
			productName = CFConverterUITests;
			productReference = 1D1228202632D04D005E8E50 /* CFConverterUITests.xctest */;
			productType = "com.apple.product-type.bundle.ui-testing";
		};
/* End PBXNativeTarget section */

/* Begin PBXProject section */
		1D1227F72632D049005E8E50 /* Project object */ = {
			isa = PBXProject;
			attributes = {
				LastSwiftUpdateCheck = 1240;
				LastUpgradeCheck = 1240;
				TargetAttributes = {
					1D1227FE2632D049005E8E50 = {
						CreatedOnToolsVersion = 12.4;
					};
					1D1228142632D04D005E8E50 = {
						CreatedOnToolsVersion = 12.4;
						TestTargetID = 1D1227FE2632D049005E8E50;
					};
					1D12281F2632D04D005E8E50 = {
						CreatedOnToolsVersion = 12.4;
						TestTargetID = 1D1227FE2632D049005E8E50;
					};
				};
			};
			buildConfigurationList = 1D1227FA2632D049005E8E50 /* Build configuration list for PBXProject "CFConverter" */;
			compatibilityVersion = "Xcode 9.3";
			developmentRegion = en;
			hasScannedForEncodings = 0;
			knownRegions = (
				en,
				Base,
			);
			mainGroup = 1D1227F62632D049005E8E50;
			productRefGroup = 1D1228002632D04A005E8E50 /* Products */;
			projectDirPath = "";
			projectRoot = "";
			targets = (
				1D1227FE2632D049005E8E50 /* CFConverter */,
				1D1228142632D04D005E8E50 /* CFConverterTests */,
				1D12281F2632D04D005E8E50 /* CFConverterUITests */,
			);
		};
/* End PBXProject section */

/* Begin PBXResourcesBuildPhase section */
		1D1227FD2632D049005E8E50 /* Resources */ = {
			isa = PBXResourcesBuildPhase;
			buildActionMask = 2147483647;
			files = (
				1D12280F2632D04D005E8E50 /* LaunchScreen.storyboard in Resources */,
				1D12280C2632D04D005E8E50 /* Assets.xcassets in Resources */,
				1D12280A2632D04A005E8E50 /* Main.storyboard in Resources */,
			);
			runOnlyForDeploymentPostprocessing = 0;
		};
		1D1228132632D04D005E8E50 /* Resources */ = {
			isa = PBXResourcesBuildPhase;
			buildActionMask = 2147483647;
			files = (
			);
			runOnlyForDeploymentPostprocessing = 0;
		};
		1D12281E2632D04D005E8E50 /* Resources */ = {
			isa = PBXResourcesBuildPhase;
			buildActionMask = 2147483647;
			files = (
			);
			runOnlyForDeploymentPostprocessing = 0;
		};
/* End PBXResourcesBuildPhase section */

/* Begin PBXSourcesBuildPhase section */
		1D1227FB2632D049005E8E50 /* Sources */ = {
			isa = PBXSourcesBuildPhase;
			buildActionMask = 2147483647;
			files = (
				1D1228072632D04A005E8E50 /* ViewController.swift in Sources */,
				1D1228032632D04A005E8E50 /* AppDelegate.swift in Sources */,
				1DBFA2E32632D3A20007638A /* Converter.swift in Sources */,
				1D1228052632D04A005E8E50 /* SceneDelegate.swift in Sources */,
			);
			runOnlyForDeploymentPostprocessing = 0;
		};
		1D1228112632D04D005E8E50 /* Sources */ = {
			isa = PBXSourcesBuildPhase;
			buildActionMask = 2147483647;
			files = (
				1D12281A2632D04D005E8E50 /* CFConverterTests.swift in Sources */,
			);
			runOnlyForDeploymentPostprocessing = 0;
		};
		1D12281C2632D04D005E8E50 /* Sources */ = {
			isa = PBXSourcesBuildPhase;
			buildActionMask = 2147483647;
			files = (
				1D1228252632D04D005E8E50 /* CFConverterUITests.swift in Sources */,
			);
			runOnlyForDeploymentPostprocessing = 0;
		};
/* End PBXSourcesBuildPhase section */

/* Begin PBXTargetDependency section */
		1D1228172632D04D005E8E50 /* PBXTargetDependency */ = {
			isa = PBXTargetDependency;
			target = 1D1227FE2632D049005E8E50 /* CFConverter */;
			targetProxy = 1D1228162632D04D005E8E50 /* PBXContainerItemProxy */;
		};
		1D1228222632D04D005E8E50 /* PBXTargetDependency */ = {
			isa = PBXTargetDependency;
			target = 1D1227FE2632D049005E8E50 /* CFConverter */;
			targetProxy = 1D1228212632D04D005E8E50 /* PBXContainerItemProxy */;
		};
/* End PBXTargetDependency section */

/* Begin PBXVariantGroup section */
		1D1228082632D04A005E8E50 /* Main.storyboard */ = {
			isa = PBXVariantGroup;
			children = (
				1D1228092632D04A005E8E50 /* Base */,
			);
			name = Main.storyboard;
			sourceTree = "<group>";
		};
		1D12280D2632D04D005E8E50 /* LaunchScreen.storyboard */ = {
			isa = PBXVariantGroup;
			children = (
				1D12280E2632D04D005E8E50 /* Base */,
			);
			name = LaunchScreen.storyboard;
			sourceTree = "<group>";
		};
/* End PBXVariantGroup section */

/* Begin XCBuildConfiguration section */
		1D1228272632D04D005E8E50 /* Debug */ = {
			isa = XCBuildConfiguration;
			buildSettings = {
				ALWAYS_SEARCH_USER_PATHS = NO;
				CLANG_ANALYZER_NONNULL = YES;
				CLANG_ANALYZER_NUMBER_OBJECT_CONVERSION = YES_AGGRESSIVE;
				CLANG_CXX_LANGUAGE_STANDARD = "gnu++14";
				CLANG_CXX_LIBRARY = "libc++";
				CLANG_ENABLE_MODULES = YES;
				CLANG_ENABLE_OBJC_ARC = YES;
				CLANG_ENABLE_OBJC_WEAK = YES;
				CLANG_WARN_BLOCK_CAPTURE_AUTORELEASING = YES;
				CLANG_WARN_BOOL_CONVERSION = YES;
				CLANG_WARN_COMMA = YES;
				CLANG_WARN_CONSTANT_CONVERSION = YES;
				CLANG_WARN_DEPRECATED_OBJC_IMPLEMENTATIONS = YES;
				CLANG_WARN_DIRECT_OBJC_ISA_USAGE = YES_ERROR;
				CLANG_WARN_DOCUMENTATION_COMMENTS = YES;
				CLANG_WARN_EMPTY_BODY = YES;
				CLANG_WARN_ENUM_CONVERSION = YES;
				CLANG_WARN_INFINITE_RECURSION = YES;
				CLANG_WARN_INT_CONVERSION = YES;
				CLANG_WARN_NON_LITERAL_NULL_CONVERSION = YES;
				CLANG_WARN_OBJC_IMPLICIT_RETAIN_SELF = YES;
				CLANG_WARN_OBJC_LITERAL_CONVERSION = YES;
				CLANG_WARN_OBJC_ROOT_CLASS = YES_ERROR;
				CLANG_WARN_QUOTED_INCLUDE_IN_FRAMEWORK_HEADER = YES;
				CLANG_WARN_RANGE_LOOP_ANALYSIS = YES;
				CLANG_WARN_STRICT_PROTOTYPES = YES;
				CLANG_WARN_SUSPICIOUS_MOVE = YES;
				CLANG_WARN_UNGUARDED_AVAILABILITY = YES_AGGRESSIVE;
				CLANG_WARN_UNREACHABLE_CODE = YES;
				CLANG_WARN__DUPLICATE_METHOD_MATCH = YES;
				COPY_PHASE_STRIP = NO;
				DEBUG_INFORMATION_FORMAT = dwarf;
				ENABLE_STRICT_OBJC_MSGSEND = YES;
				ENABLE_TESTABILITY = YES;
				GCC_C_LANGUAGE_STANDARD = gnu11;
				GCC_DYNAMIC_NO_PIC = NO;
				GCC_NO_COMMON_BLOCKS = YES;
				GCC_OPTIMIZATION_LEVEL = 0;
				GCC_PREPROCESSOR_DEFINITIONS = (
					"DEBUG=1",
					"$(inherited)",
				);
				GCC_WARN_64_TO_32_BIT_CONVERSION = YES;
				GCC_WARN_ABOUT_RETURN_TYPE = YES_ERROR;
				GCC_WARN_UNDECLARED_SELECTOR = YES;
				GCC_WARN_UNINITIALIZED_AUTOS = YES_AGGRESSIVE;
				GCC_WARN_UNUSED_FUNCTION = YES;
				GCC_WARN_UNUSED_VARIABLE = YES;
				IPHONEOS_DEPLOYMENT_TARGET = 14.4;
				MTL_ENABLE_DEBUG_INFO = INCLUDE_SOURCE;
				MTL_FAST_MATH = YES;
				ONLY_ACTIVE_ARCH = YES;
				SDKROOT = iphoneos;
				SWIFT_ACTIVE_COMPILATION_CONDITIONS = DEBUG;
				SWIFT_OPTIMIZATION_LEVEL = "-Onone";
			};
			name = Debug;
		};
		1D1228282632D04D005E8E50 /* Release */ = {
			isa = XCBuildConfiguration;
			buildSettings = {
				ALWAYS_SEARCH_USER_PATHS = NO;
				CLANG_ANALYZER_NONNULL = YES;
				CLANG_ANALYZER_NUMBER_OBJECT_CONVERSION = YES_AGGRESSIVE;
				CLANG_CXX_LANGUAGE_STANDARD = "gnu++14";
				CLANG_CXX_LIBRARY = "libc++";
				CLANG_ENABLE_MODULES = YES;
				CLANG_ENABLE_OBJC_ARC = YES;
				CLANG_ENABLE_OBJC_WEAK = YES;
				CLANG_WARN_BLOCK_CAPTURE_AUTORELEASING = YES;
				CLANG_WARN_BOOL_CONVERSION = YES;
				CLANG_WARN_COMMA = YES;
				CLANG_WARN_CONSTANT_CONVERSION = YES;
				CLANG_WARN_DEPRECATED_OBJC_IMPLEMENTATIONS = YES;
				CLANG_WARN_DIRECT_OBJC_ISA_USAGE = YES_ERROR;
				CLANG_WARN_DOCUMENTATION_COMMENTS = YES;
				CLANG_WARN_EMPTY_BODY = YES;
				CLANG_WARN_ENUM_CONVERSION = YES;
				CLANG_WARN_INFINITE_RECURSION = YES;
				CLANG_WARN_INT_CONVERSION = YES;
				CLANG_WARN_NON_LITERAL_NULL_CONVERSION = YES;
				CLANG_WARN_OBJC_IMPLICIT_RETAIN_SELF = YES;
				CLANG_WARN_OBJC_LITERAL_CONVERSION = YES;
				CLANG_WARN_OBJC_ROOT_CLASS = YES_ERROR;
				CLANG_WARN_QUOTED_INCLUDE_IN_FRAMEWORK_HEADER = YES;
				CLANG_WARN_RANGE_LOOP_ANALYSIS = YES;
				CLANG_WARN_STRICT_PROTOTYPES = YES;
				CLANG_WARN_SUSPICIOUS_MOVE = YES;
				CLANG_WARN_UNGUARDED_AVAILABILITY = YES_AGGRESSIVE;
				CLANG_WARN_UNREACHABLE_CODE = YES;
				CLANG_WARN__DUPLICATE_METHOD_MATCH = YES;
				COPY_PHASE_STRIP = NO;
				DEBUG_INFORMATION_FORMAT = "dwarf-with-dsym";
				ENABLE_NS_ASSERTIONS = NO;
				ENABLE_STRICT_OBJC_MSGSEND = YES;
				GCC_C_LANGUAGE_STANDARD = gnu11;
				GCC_NO_COMMON_BLOCKS = YES;
				GCC_WARN_64_TO_32_BIT_CONVERSION = YES;
				GCC_WARN_ABOUT_RETURN_TYPE = YES_ERROR;
				GCC_WARN_UNDECLARED_SELECTOR = YES;
				GCC_WARN_UNINITIALIZED_AUTOS = YES_AGGRESSIVE;
				GCC_WARN_UNUSED_FUNCTION = YES;
				GCC_WARN_UNUSED_VARIABLE = YES;
				IPHONEOS_DEPLOYMENT_TARGET = 14.4;
				MTL_ENABLE_DEBUG_INFO = NO;
				MTL_FAST_MATH = YES;
				SDKROOT = iphoneos;
				SWIFT_COMPILATION_MODE = wholemodule;
				SWIFT_OPTIMIZATION_LEVEL = "-O";
				VALIDATE_PRODUCT = YES;
			};
			name = Release;
		};
		1D12282A2632D04D005E8E50 /* Debug */ = {
			isa = XCBuildConfiguration;
			buildSettings = {
				ASSETCATALOG_COMPILER_APPICON_NAME = AppIcon;
				ASSETCATALOG_COMPILER_GLOBAL_ACCENT_COLOR_NAME = AccentColor;
				CODE_SIGN_STYLE = Automatic;
				DEVELOPMENT_TEAM = 949Z9P63ML;
				INFOPLIST_FILE = CFConverter/Info.plist;
				LD_RUNPATH_SEARCH_PATHS = (
					"$(inherited)",
					"@executable_path/Frameworks",
				);
				PRODUCT_BUNDLE_IDENTIFIER = com.ignasiperez.CFConverter;
				PRODUCT_NAME = "$(TARGET_NAME)";
				SWIFT_VERSION = 5.0;
				TARGETED_DEVICE_FAMILY = "1,2";
			};
			name = Debug;
		};
		1D12282B2632D04D005E8E50 /* Release */ = {
			isa = XCBuildConfiguration;
			buildSettings = {
				ASSETCATALOG_COMPILER_APPICON_NAME = AppIcon;
				ASSETCATALOG_COMPILER_GLOBAL_ACCENT_COLOR_NAME = AccentColor;
				CODE_SIGN_STYLE = Automatic;
				DEVELOPMENT_TEAM = 949Z9P63ML;
				INFOPLIST_FILE = CFConverter/Info.plist;
				LD_RUNPATH_SEARCH_PATHS = (
					"$(inherited)",
					"@executable_path/Frameworks",
				);
				PRODUCT_BUNDLE_IDENTIFIER = com.ignasiperez.CFConverter;
				PRODUCT_NAME = "$(TARGET_NAME)";
				SWIFT_VERSION = 5.0;
				TARGETED_DEVICE_FAMILY = "1,2";
			};
			name = Release;
		};
		1D12282D2632D04D005E8E50 /* Debug */ = {
			isa = XCBuildConfiguration;
			buildSettings = {
				ALWAYS_EMBED_SWIFT_STANDARD_LIBRARIES = YES;
				BUNDLE_LOADER = "$(TEST_HOST)";
				CODE_SIGN_STYLE = Automatic;
				DEVELOPMENT_TEAM = 949Z9P63ML;
				INFOPLIST_FILE = CFConverterTests/Info.plist;
				IPHONEOS_DEPLOYMENT_TARGET = 14.4;
				LD_RUNPATH_SEARCH_PATHS = (
					"$(inherited)",
					"@executable_path/Frameworks",
					"@loader_path/Frameworks",
				);
				PRODUCT_BUNDLE_IDENTIFIER = com.ignasiperez.CFConverterTests;
				PRODUCT_NAME = "$(TARGET_NAME)";
				SWIFT_VERSION = 5.0;
				TARGETED_DEVICE_FAMILY = "1,2";
				TEST_HOST = "$(BUILT_PRODUCTS_DIR)/CFConverter.app/CFConverter";
			};
			name = Debug;
		};
		1D12282E2632D04D005E8E50 /* Release */ = {
			isa = XCBuildConfiguration;
			buildSettings = {
				ALWAYS_EMBED_SWIFT_STANDARD_LIBRARIES = YES;
				BUNDLE_LOADER = "$(TEST_HOST)";
				CODE_SIGN_STYLE = Automatic;
				DEVELOPMENT_TEAM = 949Z9P63ML;
				INFOPLIST_FILE = CFConverterTests/Info.plist;
				IPHONEOS_DEPLOYMENT_TARGET = 14.4;
				LD_RUNPATH_SEARCH_PATHS = (
					"$(inherited)",
					"@executable_path/Frameworks",
					"@loader_path/Frameworks",
				);
				PRODUCT_BUNDLE_IDENTIFIER = com.ignasiperez.CFConverterTests;
				PRODUCT_NAME = "$(TARGET_NAME)";
				SWIFT_VERSION = 5.0;
				TARGETED_DEVICE_FAMILY = "1,2";
				TEST_HOST = "$(BUILT_PRODUCTS_DIR)/CFConverter.app/CFConverter";
			};
			name = Release;
		};
		1D1228302632D04D005E8E50 /* Debug */ = {
			isa = XCBuildConfiguration;
			buildSettings = {
				ALWAYS_EMBED_SWIFT_STANDARD_LIBRARIES = YES;
				CODE_SIGN_STYLE = Automatic;
				DEVELOPMENT_TEAM = 949Z9P63ML;
				INFOPLIST_FILE = CFConverterUITests/Info.plist;
				LD_RUNPATH_SEARCH_PATHS = (
					"$(inherited)",
					"@executable_path/Frameworks",
					"@loader_path/Frameworks",
				);
				PRODUCT_BUNDLE_IDENTIFIER = com.ignasiperez.CFConverterUITests;
				PRODUCT_NAME = "$(TARGET_NAME)";
				SWIFT_VERSION = 5.0;
				TARGETED_DEVICE_FAMILY = "1,2";
				TEST_TARGET_NAME = CFConverter;
			};
			name = Debug;
		};
		1D1228312632D04D005E8E50 /* Release */ = {
			isa = XCBuildConfiguration;
			buildSettings = {
				ALWAYS_EMBED_SWIFT_STANDARD_LIBRARIES = YES;
				CODE_SIGN_STYLE = Automatic;
				DEVELOPMENT_TEAM = 949Z9P63ML;
				INFOPLIST_FILE = CFConverterUITests/Info.plist;
				LD_RUNPATH_SEARCH_PATHS = (
					"$(inherited)",
					"@executable_path/Frameworks",
					"@loader_path/Frameworks",
				);
				PRODUCT_BUNDLE_IDENTIFIER = com.ignasiperez.CFConverterUITests;
				PRODUCT_NAME = "$(TARGET_NAME)";
				SWIFT_VERSION = 5.0;
				TARGETED_DEVICE_FAMILY = "1,2";
				TEST_TARGET_NAME = CFConverter;
			};
			name = Release;
		};
/* End XCBuildConfiguration section */

/* Begin XCConfigurationList section */
		1D1227FA2632D049005E8E50 /* Build configuration list for PBXProject "CFConverter" */ = {
			isa = XCConfigurationList;
			buildConfigurations = (
				1D1228272632D04D005E8E50 /* Debug */,
				1D1228282632D04D005E8E50 /* Release */,
			);
			defaultConfigurationIsVisible = 0;
			defaultConfigurationName = Release;
		};
		1D1228292632D04D005E8E50 /* Build configuration list for PBXNativeTarget "CFConverter" */ = {
			isa = XCConfigurationList;
			buildConfigurations = (
				1D12282A2632D04D005E8E50 /* Debug */,
				1D12282B2632D04D005E8E50 /* Release */,
			);
			defaultConfigurationIsVisible = 0;
			defaultConfigurationName = Release;
		};
		1D12282C2632D04D005E8E50 /* Build configuration list for PBXNativeTarget "CFConverterTests" */ = {
			isa = XCConfigurationList;
			buildConfigurations = (
				1D12282D2632D04D005E8E50 /* Debug */,
				1D12282E2632D04D005E8E50 /* Release */,
			);
			defaultConfigurationIsVisible = 0;
			defaultConfigurationName = Release;
		};
		1D12282F2632D04D005E8E50 /* Build configuration list for PBXNativeTarget "CFConverterUITests" */ = {
			isa = XCConfigurationList;
			buildConfigurations = (
				1D1228302632D04D005E8E50 /* Debug */,
				1D1228312632D04D005E8E50 /* Release */,
			);
			defaultConfigurationIsVisible = 0;
			defaultConfigurationName = Release;
		};
/* End XCConfigurationList section */
	};
	rootObject = 1D1227F72632D049005E8E50 /* Project object */;
}
