// !$*UTF8*$!
{
	archiveVersion = 1;
	classes = {
	};
	objectVersion = 50;
	objects = {

/* Begin PBXBuildFile section */
		1D318005262DE6E9008A10A8 /* AppDelegate.swift in Sources */ = {isa = PBXBuildFile; fileRef = 1D318004262DE6E9008A10A8 /* AppDelegate.swift */; };
		1D318007262DE6E9008A10A8 /* SceneDelegate.swift in Sources */ = {isa = PBXBuildFile; fileRef = 1D318006262DE6E9008A10A8 /* SceneDelegate.swift */; };
		1D318009262DE6E9008A10A8 /* ViewController.swift in Sources */ = {isa = PBXBuildFile; fileRef = 1D318008262DE6E9008A10A8 /* ViewController.swift */; };
		1D31800C262DE6E9008A10A8 /* Main.storyboard in Resources */ = {isa = PBXBuildFile; fileRef = 1D31800A262DE6E9008A10A8 /* Main.storyboard */; };
		1D31800E262DE6EA008A10A8 /* Assets.xcassets in Resources */ = {isa = PBXBuildFile; fileRef = 1D31800D262DE6EA008A10A8 /* Assets.xcassets */; };
		1D318011262DE6EA008A10A8 /* LaunchScreen.storyboard in Resources */ = {isa = PBXBuildFile; fileRef = 1D31800F262DE6EA008A10A8 /* LaunchScreen.storyboard */; };
		1D31801C262DE6EB008A10A8 /* FirstTests.swift in Sources */ = {isa = PBXBuildFile; fileRef = 1D31801B262DE6EB008A10A8 /* FirstTests.swift */; };
		1D318027262DE6EB008A10A8 /* FirstUITests.swift in Sources */ = {isa = PBXBuildFile; fileRef = 1D318026262DE6EB008A10A8 /* FirstUITests.swift */; };
		1DEFE735262DE8A6004533FA /* Hater.swift in Sources */ = {isa = PBXBuildFile; fileRef = 1DEFE734262DE8A6004533FA /* Hater.swift */; };
/* End PBXBuildFile section */

/* Begin PBXContainerItemProxy section */
		1D318018262DE6EB008A10A8 /* PBXContainerItemProxy */ = {
			isa = PBXContainerItemProxy;
			containerPortal = 1D317FF9262DE6E9008A10A8 /* Project object */;
			proxyType = 1;
			remoteGlobalIDString = 1D318000262DE6E9008A10A8;
			remoteInfo = First;
		};
		1D318023262DE6EB008A10A8 /* PBXContainerItemProxy */ = {
			isa = PBXContainerItemProxy;
			containerPortal = 1D317FF9262DE6E9008A10A8 /* Project object */;
			proxyType = 1;
			remoteGlobalIDString = 1D318000262DE6E9008A10A8;
			remoteInfo = First;
		};
/* End PBXContainerItemProxy section */

/* Begin PBXFileReference section */
		1D318001262DE6E9008A10A8 /* First.app */ = {isa = PBXFileReference; explicitFileType = wrapper.application; includeInIndex = 0; path = First.app; sourceTree = BUILT_PRODUCTS_DIR; };
		1D318004262DE6E9008A10A8 /* AppDelegate.swift */ = {isa = PBXFileReference; lastKnownFileType = sourcecode.swift; path = AppDelegate.swift; sourceTree = "<group>"; };
		1D318006262DE6E9008A10A8 /* SceneDelegate.swift */ = {isa = PBXFileReference; lastKnownFileType = sourcecode.swift; path = SceneDelegate.swift; sourceTree = "<group>"; };
		1D318008262DE6E9008A10A8 /* ViewController.swift */ = {isa = PBXFileReference; lastKnownFileType = sourcecode.swift; path = ViewController.swift; sourceTree = "<group>"; };
		1D31800B262DE6E9008A10A8 /* Base */ = {isa = PBXFileReference; lastKnownFileType = file.storyboard; name = Base; path = Base.lproj/Main.storyboard; sourceTree = "<group>"; };
		1D31800D262DE6EA008A10A8 /* Assets.xcassets */ = {isa = PBXFileReference; lastKnownFileType = folder.assetcatalog; path = Assets.xcassets; sourceTree = "<group>"; };
		1D318010262DE6EA008A10A8 /* Base */ = {isa = PBXFileReference; lastKnownFileType = file.storyboard; name = Base; path = Base.lproj/LaunchScreen.storyboard; sourceTree = "<group>"; };
		1D318012262DE6EA008A10A8 /* Info.plist */ = {isa = PBXFileReference; lastKnownFileType = text.plist.xml; path = Info.plist; sourceTree = "<group>"; };
		1D318017262DE6EB008A10A8 /* FirstTests.xctest */ = {isa = PBXFileReference; explicitFileType = wrapper.cfbundle; includeInIndex = 0; path = FirstTests.xctest; sourceTree = BUILT_PRODUCTS_DIR; };
		1D31801B262DE6EB008A10A8 /* FirstTests.swift */ = {isa = PBXFileReference; lastKnownFileType = sourcecode.swift; path = FirstTests.swift; sourceTree = "<group>"; };
		1D31801D262DE6EB008A10A8 /* Info.plist */ = {isa = PBXFileReference; lastKnownFileType = text.plist.xml; path = Info.plist; sourceTree = "<group>"; };
		1D318022262DE6EB008A10A8 /* FirstUITests.xctest */ = {isa = PBXFileReference; explicitFileType = wrapper.cfbundle; includeInIndex = 0; path = FirstUITests.xctest; sourceTree = BUILT_PRODUCTS_DIR; };
		1D318026262DE6EB008A10A8 /* FirstUITests.swift */ = {isa = PBXFileReference; lastKnownFileType = sourcecode.swift; path = FirstUITests.swift; sourceTree = "<group>"; };
		1D318028262DE6EB008A10A8 /* Info.plist */ = {isa = PBXFileReference; lastKnownFileType = text.plist.xml; path = Info.plist; sourceTree = "<group>"; };
		1DEFE734262DE8A6004533FA /* Hater.swift */ = {isa = PBXFileReference; lastKnownFileType = sourcecode.swift; path = Hater.swift; sourceTree = "<group>"; };
/* End PBXFileReference section */

/* Begin PBXFrameworksBuildPhase section */
		1D317FFE262DE6E9008A10A8 /* Frameworks */ = {
			isa = PBXFrameworksBuildPhase;
			buildActionMask = 2147483647;
			files = (
			);
			runOnlyForDeploymentPostprocessing = 0;
		};
		1D318014262DE6EB008A10A8 /* Frameworks */ = {
			isa = PBXFrameworksBuildPhase;
			buildActionMask = 2147483647;
			files = (
			);
			runOnlyForDeploymentPostprocessing = 0;
		};
		1D31801F262DE6EB008A10A8 /* Frameworks */ = {
			isa = PBXFrameworksBuildPhase;
			buildActionMask = 2147483647;
			files = (
			);
			runOnlyForDeploymentPostprocessing = 0;
		};
/* End PBXFrameworksBuildPhase section */

/* Begin PBXGroup section */
		1D317FF8262DE6E9008A10A8 = {
			isa = PBXGroup;
			children = (
				1D318003262DE6E9008A10A8 /* First */,
				1D31801A262DE6EB008A10A8 /* FirstTests */,
				1D318025262DE6EB008A10A8 /* FirstUITests */,
				1D318002262DE6E9008A10A8 /* Products */,
			);
			sourceTree = "<group>";
		};
		1D318002262DE6E9008A10A8 /* Products */ = {
			isa = PBXGroup;
			children = (
				1D318001262DE6E9008A10A8 /* First.app */,
				1D318017262DE6EB008A10A8 /* FirstTests.xctest */,
				1D318022262DE6EB008A10A8 /* FirstUITests.xctest */,
			);
			name = Products;
			sourceTree = "<group>";
		};
		1D318003262DE6E9008A10A8 /* First */ = {
			isa = PBXGroup;
			children = (
				1D318004262DE6E9008A10A8 /* AppDelegate.swift */,
				1D318006262DE6E9008A10A8 /* SceneDelegate.swift */,
				1D318008262DE6E9008A10A8 /* ViewController.swift */,
				1D31800A262DE6E9008A10A8 /* Main.storyboard */,
				1D31800D262DE6EA008A10A8 /* Assets.xcassets */,
				1D31800F262DE6EA008A10A8 /* LaunchScreen.storyboard */,
				1D318012262DE6EA008A10A8 /* Info.plist */,
				1DEFE734262DE8A6004533FA /* Hater.swift */,
			);
			path = First;
			sourceTree = "<group>";
		};
		1D31801A262DE6EB008A10A8 /* FirstTests */ = {
			isa = PBXGroup;
			children = (
				1D31801B262DE6EB008A10A8 /* FirstTests.swift */,
				1D31801D262DE6EB008A10A8 /* Info.plist */,
			);
			path = FirstTests;
			sourceTree = "<group>";
		};
		1D318025262DE6EB008A10A8 /* FirstUITests */ = {
			isa = PBXGroup;
			children = (
				1D318026262DE6EB008A10A8 /* FirstUITests.swift */,
				1D318028262DE6EB008A10A8 /* Info.plist */,
			);
			path = FirstUITests;
			sourceTree = "<group>";
		};
/* End PBXGroup section */

/* Begin PBXNativeTarget section */
		1D318000262DE6E9008A10A8 /* First */ = {
			isa = PBXNativeTarget;
			buildConfigurationList = 1D31802B262DE6EB008A10A8 /* Build configuration list for PBXNativeTarget "First" */;
			buildPhases = (
				1D317FFD262DE6E9008A10A8 /* Sources */,
				1D317FFE262DE6E9008A10A8 /* Frameworks */,
				1D317FFF262DE6E9008A10A8 /* Resources */,
			);
			buildRules = (
			);
			dependencies = (
			);
			name = First;
			productName = First;
			productReference = 1D318001262DE6E9008A10A8 /* First.app */;
			productType = "com.apple.product-type.application";
		};
		1D318016262DE6EB008A10A8 /* FirstTests */ = {
			isa = PBXNativeTarget;
			buildConfigurationList = 1D31802E262DE6EB008A10A8 /* Build configuration list for PBXNativeTarget "FirstTests" */;
			buildPhases = (
				1D318013262DE6EB008A10A8 /* Sources */,
				1D318014262DE6EB008A10A8 /* Frameworks */,
				1D318015262DE6EB008A10A8 /* Resources */,
			);
			buildRules = (
			);
			dependencies = (
				1D318019262DE6EB008A10A8 /* PBXTargetDependency */,
			);
			name = FirstTests;
			productName = FirstTests;
			productReference = 1D318017262DE6EB008A10A8 /* FirstTests.xctest */;
			productType = "com.apple.product-type.bundle.unit-test";
		};
		1D318021262DE6EB008A10A8 /* FirstUITests */ = {
			isa = PBXNativeTarget;
			buildConfigurationList = 1D318031262DE6EB008A10A8 /* Build configuration list for PBXNativeTarget "FirstUITests" */;
			buildPhases = (
				1D31801E262DE6EB008A10A8 /* Sources */,
				1D31801F262DE6EB008A10A8 /* Frameworks */,
				1D318020262DE6EB008A10A8 /* Resources */,
			);
			buildRules = (
			);
			dependencies = (
				1D318024262DE6EB008A10A8 /* PBXTargetDependency */,
			);
			name = FirstUITests;
			productName = FirstUITests;
			productReference = 1D318022262DE6EB008A10A8 /* FirstUITests.xctest */;
			productType = "com.apple.product-type.bundle.ui-testing";
		};
/* End PBXNativeTarget section */

/* Begin PBXProject section */
		1D317FF9262DE6E9008A10A8 /* Project object */ = {
			isa = PBXProject;
			attributes = {
				LastSwiftUpdateCheck = 1240;
				LastUpgradeCheck = 1240;
				TargetAttributes = {
					1D318000262DE6E9008A10A8 = {
						CreatedOnToolsVersion = 12.4;
					};
					1D318016262DE6EB008A10A8 = {
						CreatedOnToolsVersion = 12.4;
						TestTargetID = 1D318000262DE6E9008A10A8;
					};
					1D318021262DE6EB008A10A8 = {
						CreatedOnToolsVersion = 12.4;
						TestTargetID = 1D318000262DE6E9008A10A8;
					};
				};
			};
			buildConfigurationList = 1D317FFC262DE6E9008A10A8 /* Build configuration list for PBXProject "First" */;
			compatibilityVersion = "Xcode 9.3";
			developmentRegion = en;
			hasScannedForEncodings = 0;
			knownRegions = (
				en,
				Base,
			);
			mainGroup = 1D317FF8262DE6E9008A10A8;
			productRefGroup = 1D318002262DE6E9008A10A8 /* Products */;
			projectDirPath = "";
			projectRoot = "";
			targets = (
				1D318000262DE6E9008A10A8 /* First */,
				1D318016262DE6EB008A10A8 /* FirstTests */,
				1D318021262DE6EB008A10A8 /* FirstUITests */,
			);
		};
/* End PBXProject section */

/* Begin PBXResourcesBuildPhase section */
		1D317FFF262DE6E9008A10A8 /* Resources */ = {
			isa = PBXResourcesBuildPhase;
			buildActionMask = 2147483647;
			files = (
				1D318011262DE6EA008A10A8 /* LaunchScreen.storyboard in Resources */,
				1D31800E262DE6EA008A10A8 /* Assets.xcassets in Resources */,
				1D31800C262DE6E9008A10A8 /* Main.storyboard in Resources */,
			);
			runOnlyForDeploymentPostprocessing = 0;
		};
		1D318015262DE6EB008A10A8 /* Resources */ = {
			isa = PBXResourcesBuildPhase;
			buildActionMask = 2147483647;
			files = (
			);
			runOnlyForDeploymentPostprocessing = 0;
		};
		1D318020262DE6EB008A10A8 /* Resources */ = {
			isa = PBXResourcesBuildPhase;
			buildActionMask = 2147483647;
			files = (
			);
			runOnlyForDeploymentPostprocessing = 0;
		};
/* End PBXResourcesBuildPhase section */

/* Begin PBXSourcesBuildPhase section */
		1D317FFD262DE6E9008A10A8 /* Sources */ = {
			isa = PBXSourcesBuildPhase;
			buildActionMask = 2147483647;
			files = (
				1D318009262DE6E9008A10A8 /* ViewController.swift in Sources */,
				1D318005262DE6E9008A10A8 /* AppDelegate.swift in Sources */,
				1DEFE735262DE8A6004533FA /* Hater.swift in Sources */,
				1D318007262DE6E9008A10A8 /* SceneDelegate.swift in Sources */,
			);
			runOnlyForDeploymentPostprocessing = 0;
		};
		1D318013262DE6EB008A10A8 /* Sources */ = {
			isa = PBXSourcesBuildPhase;
			buildActionMask = 2147483647;
			files = (
				1D31801C262DE6EB008A10A8 /* FirstTests.swift in Sources */,
			);
			runOnlyForDeploymentPostprocessing = 0;
		};
		1D31801E262DE6EB008A10A8 /* Sources */ = {
			isa = PBXSourcesBuildPhase;
			buildActionMask = 2147483647;
			files = (
				1D318027262DE6EB008A10A8 /* FirstUITests.swift in Sources */,
			);
			runOnlyForDeploymentPostprocessing = 0;
		};
/* End PBXSourcesBuildPhase section */

/* Begin PBXTargetDependency section */
		1D318019262DE6EB008A10A8 /* PBXTargetDependency */ = {
			isa = PBXTargetDependency;
			target = 1D318000262DE6E9008A10A8 /* First */;
			targetProxy = 1D318018262DE6EB008A10A8 /* PBXContainerItemProxy */;
		};
		1D318024262DE6EB008A10A8 /* PBXTargetDependency */ = {
			isa = PBXTargetDependency;
			target = 1D318000262DE6E9008A10A8 /* First */;
			targetProxy = 1D318023262DE6EB008A10A8 /* PBXContainerItemProxy */;
		};
/* End PBXTargetDependency section */

/* Begin PBXVariantGroup section */
		1D31800A262DE6E9008A10A8 /* Main.storyboard */ = {
			isa = PBXVariantGroup;
			children = (
				1D31800B262DE6E9008A10A8 /* Base */,
			);
			name = Main.storyboard;
			sourceTree = "<group>";
		};
		1D31800F262DE6EA008A10A8 /* LaunchScreen.storyboard */ = {
			isa = PBXVariantGroup;
			children = (
				1D318010262DE6EA008A10A8 /* Base */,
			);
			name = LaunchScreen.storyboard;
			sourceTree = "<group>";
		};
/* End PBXVariantGroup section */

/* Begin XCBuildConfiguration section */
		1D318029262DE6EB008A10A8 /* Debug */ = {
			isa = XCBuildConfiguration;
			buildSettings = {
				ALWAYS_SEARCH_USER_PATHS = NO;
				CLANG_ANALYZER_NONNULL = YES;
				CLANG_ANALYZER_NUMBER_OBJECT_CONVERSION = YES_AGGRESSIVE;
				CLANG_CXX_LANGUAGE_STANDARD = "gnu++14";
				CLANG_CXX_LIBRARY = "libc++";
				CLANG_ENABLE_MODULES = YES;
				CLANG_ENABLE_OBJC_ARC = YES;
				CLANG_ENABLE_OBJC_WEAK = YES;
				CLANG_WARN_BLOCK_CAPTURE_AUTORELEASING = YES;
				CLANG_WARN_BOOL_CONVERSION = YES;
				CLANG_WARN_COMMA = YES;
				CLANG_WARN_CONSTANT_CONVERSION = YES;
				CLANG_WARN_DEPRECATED_OBJC_IMPLEMENTATIONS = YES;
				CLANG_WARN_DIRECT_OBJC_ISA_USAGE = YES_ERROR;
				CLANG_WARN_DOCUMENTATION_COMMENTS = YES;
				CLANG_WARN_EMPTY_BODY = YES;
				CLANG_WARN_ENUM_CONVERSION = YES;
				CLANG_WARN_INFINITE_RECURSION = YES;
				CLANG_WARN_INT_CONVERSION = YES;
				CLANG_WARN_NON_LITERAL_NULL_CONVERSION = YES;
				CLANG_WARN_OBJC_IMPLICIT_RETAIN_SELF = YES;
				CLANG_WARN_OBJC_LITERAL_CONVERSION = YES;
				CLANG_WARN_OBJC_ROOT_CLASS = YES_ERROR;
				CLANG_WARN_QUOTED_INCLUDE_IN_FRAMEWORK_HEADER = YES;
				CLANG_WARN_RANGE_LOOP_ANALYSIS = YES;
				CLANG_WARN_STRICT_PROTOTYPES = YES;
				CLANG_WARN_SUSPICIOUS_MOVE = YES;
				CLANG_WARN_UNGUARDED_AVAILABILITY = YES_AGGRESSIVE;
				CLANG_WARN_UNREACHABLE_CODE = YES;
				CLANG_WARN__DUPLICATE_METHOD_MATCH = YES;
				COPY_PHASE_STRIP = NO;
				DEBUG_INFORMATION_FORMAT = dwarf;
				ENABLE_STRICT_OBJC_MSGSEND = YES;
				ENABLE_TESTABILITY = YES;
				GCC_C_LANGUAGE_STANDARD = gnu11;
				GCC_DYNAMIC_NO_PIC = NO;
				GCC_NO_COMMON_BLOCKS = YES;
				GCC_OPTIMIZATION_LEVEL = 0;
				GCC_PREPROCESSOR_DEFINITIONS = (
					"DEBUG=1",
					"$(inherited)",
				);
				GCC_WARN_64_TO_32_BIT_CONVERSION = YES;
				GCC_WARN_ABOUT_RETURN_TYPE = YES_ERROR;
				GCC_WARN_UNDECLARED_SELECTOR = YES;
				GCC_WARN_UNINITIALIZED_AUTOS = YES_AGGRESSIVE;
				GCC_WARN_UNUSED_FUNCTION = YES;
				GCC_WARN_UNUSED_VARIABLE = YES;
				IPHONEOS_DEPLOYMENT_TARGET = 14.4;
				MTL_ENABLE_DEBUG_INFO = INCLUDE_SOURCE;
				MTL_FAST_MATH = YES;
				ONLY_ACTIVE_ARCH = YES;
				SDKROOT = iphoneos;
				SWIFT_ACTIVE_COMPILATION_CONDITIONS = DEBUG;
				SWIFT_OPTIMIZATION_LEVEL = "-Onone";
			};
			name = Debug;
		};
		1D31802A262DE6EB008A10A8 /* Release */ = {
			isa = XCBuildConfiguration;
			buildSettings = {
				ALWAYS_SEARCH_USER_PATHS = NO;
				CLANG_ANALYZER_NONNULL = YES;
				CLANG_ANALYZER_NUMBER_OBJECT_CONVERSION = YES_AGGRESSIVE;
				CLANG_CXX_LANGUAGE_STANDARD = "gnu++14";
				CLANG_CXX_LIBRARY = "libc++";
				CLANG_ENABLE_MODULES = YES;
				CLANG_ENABLE_OBJC_ARC = YES;
				CLANG_ENABLE_OBJC_WEAK = YES;
				CLANG_WARN_BLOCK_CAPTURE_AUTORELEASING = YES;
				CLANG_WARN_BOOL_CONVERSION = YES;
				CLANG_WARN_COMMA = YES;
				CLANG_WARN_CONSTANT_CONVERSION = YES;
				CLANG_WARN_DEPRECATED_OBJC_IMPLEMENTATIONS = YES;
				CLANG_WARN_DIRECT_OBJC_ISA_USAGE = YES_ERROR;
				CLANG_WARN_DOCUMENTATION_COMMENTS = YES;
				CLANG_WARN_EMPTY_BODY = YES;
				CLANG_WARN_ENUM_CONVERSION = YES;
				CLANG_WARN_INFINITE_RECURSION = YES;
				CLANG_WARN_INT_CONVERSION = YES;
				CLANG_WARN_NON_LITERAL_NULL_CONVERSION = YES;
				CLANG_WARN_OBJC_IMPLICIT_RETAIN_SELF = YES;
				CLANG_WARN_OBJC_LITERAL_CONVERSION = YES;
				CLANG_WARN_OBJC_ROOT_CLASS = YES_ERROR;
				CLANG_WARN_QUOTED_INCLUDE_IN_FRAMEWORK_HEADER = YES;
				CLANG_WARN_RANGE_LOOP_ANALYSIS = YES;
				CLANG_WARN_STRICT_PROTOTYPES = YES;
				CLANG_WARN_SUSPICIOUS_MOVE = YES;
				CLANG_WARN_UNGUARDED_AVAILABILITY = YES_AGGRESSIVE;
				CLANG_WARN_UNREACHABLE_CODE = YES;
				CLANG_WARN__DUPLICATE_METHOD_MATCH = YES;
				COPY_PHASE_STRIP = NO;
				DEBUG_INFORMATION_FORMAT = "dwarf-with-dsym";
				ENABLE_NS_ASSERTIONS = NO;
				ENABLE_STRICT_OBJC_MSGSEND = YES;
				GCC_C_LANGUAGE_STANDARD = gnu11;
				GCC_NO_COMMON_BLOCKS = YES;
				GCC_WARN_64_TO_32_BIT_CONVERSION = YES;
				GCC_WARN_ABOUT_RETURN_TYPE = YES_ERROR;
				GCC_WARN_UNDECLARED_SELECTOR = YES;
				GCC_WARN_UNINITIALIZED_AUTOS = YES_AGGRESSIVE;
				GCC_WARN_UNUSED_FUNCTION = YES;
				GCC_WARN_UNUSED_VARIABLE = YES;
				IPHONEOS_DEPLOYMENT_TARGET = 14.4;
				MTL_ENABLE_DEBUG_INFO = NO;
				MTL_FAST_MATH = YES;
				SDKROOT = iphoneos;
				SWIFT_COMPILATION_MODE = wholemodule;
				SWIFT_OPTIMIZATION_LEVEL = "-O";
				VALIDATE_PRODUCT = YES;
			};
			name = Release;
		};
		1D31802C262DE6EB008A10A8 /* Debug */ = {
			isa = XCBuildConfiguration;
			buildSettings = {
				ASSETCATALOG_COMPILER_APPICON_NAME = AppIcon;
				ASSETCATALOG_COMPILER_GLOBAL_ACCENT_COLOR_NAME = AccentColor;
				CODE_SIGN_STYLE = Automatic;
				DEVELOPMENT_TEAM = 949Z9P63ML;
				INFOPLIST_FILE = First/Info.plist;
				LD_RUNPATH_SEARCH_PATHS = (
					"$(inherited)",
					"@executable_path/Frameworks",
				);
				PRODUCT_BUNDLE_IDENTIFIER = com.ignasiperez.First;
				PRODUCT_NAME = "$(TARGET_NAME)";
				SWIFT_VERSION = 5.0;
				TARGETED_DEVICE_FAMILY = "1,2";
			};
			name = Debug;
		};
		1D31802D262DE6EB008A10A8 /* Release */ = {
			isa = XCBuildConfiguration;
			buildSettings = {
				ASSETCATALOG_COMPILER_APPICON_NAME = AppIcon;
				ASSETCATALOG_COMPILER_GLOBAL_ACCENT_COLOR_NAME = AccentColor;
				CODE_SIGN_STYLE = Automatic;
				DEVELOPMENT_TEAM = 949Z9P63ML;
				INFOPLIST_FILE = First/Info.plist;
				LD_RUNPATH_SEARCH_PATHS = (
					"$(inherited)",
					"@executable_path/Frameworks",
				);
				PRODUCT_BUNDLE_IDENTIFIER = com.ignasiperez.First;
				PRODUCT_NAME = "$(TARGET_NAME)";
				SWIFT_VERSION = 5.0;
				TARGETED_DEVICE_FAMILY = "1,2";
			};
			name = Release;
		};
		1D31802F262DE6EB008A10A8 /* Debug */ = {
			isa = XCBuildConfiguration;
			buildSettings = {
				ALWAYS_EMBED_SWIFT_STANDARD_LIBRARIES = YES;
				BUNDLE_LOADER = "$(TEST_HOST)";
				CODE_SIGN_STYLE = Automatic;
				DEVELOPMENT_TEAM = 949Z9P63ML;
				INFOPLIST_FILE = FirstTests/Info.plist;
				IPHONEOS_DEPLOYMENT_TARGET = 14.4;
				LD_RUNPATH_SEARCH_PATHS = (
					"$(inherited)",
					"@executable_path/Frameworks",
					"@loader_path/Frameworks",
				);
				PRODUCT_BUNDLE_IDENTIFIER = com.ignasiperez.FirstTests;
				PRODUCT_NAME = "$(TARGET_NAME)";
				SWIFT_VERSION = 5.0;
				TARGETED_DEVICE_FAMILY = "1,2";
				TEST_HOST = "$(BUILT_PRODUCTS_DIR)/First.app/First";
			};
			name = Debug;
		};
		1D318030262DE6EB008A10A8 /* Release */ = {
			isa = XCBuildConfiguration;
			buildSettings = {
				ALWAYS_EMBED_SWIFT_STANDARD_LIBRARIES = YES;
				BUNDLE_LOADER = "$(TEST_HOST)";
				CODE_SIGN_STYLE = Automatic;
				DEVELOPMENT_TEAM = 949Z9P63ML;
				INFOPLIST_FILE = FirstTests/Info.plist;
				IPHONEOS_DEPLOYMENT_TARGET = 14.4;
				LD_RUNPATH_SEARCH_PATHS = (
					"$(inherited)",
					"@executable_path/Frameworks",
					"@loader_path/Frameworks",
				);
				PRODUCT_BUNDLE_IDENTIFIER = com.ignasiperez.FirstTests;
				PRODUCT_NAME = "$(TARGET_NAME)";
				SWIFT_VERSION = 5.0;
				TARGETED_DEVICE_FAMILY = "1,2";
				TEST_HOST = "$(BUILT_PRODUCTS_DIR)/First.app/First";
			};
			name = Release;
		};
		1D318032262DE6EB008A10A8 /* Debug */ = {
			isa = XCBuildConfiguration;
			buildSettings = {
				ALWAYS_EMBED_SWIFT_STANDARD_LIBRARIES = YES;
				CODE_SIGN_STYLE = Automatic;
				DEVELOPMENT_TEAM = 949Z9P63ML;
				INFOPLIST_FILE = FirstUITests/Info.plist;
				LD_RUNPATH_SEARCH_PATHS = (
					"$(inherited)",
					"@executable_path/Frameworks",
					"@loader_path/Frameworks",
				);
				PRODUCT_BUNDLE_IDENTIFIER = com.ignasiperez.FirstUITests;
				PRODUCT_NAME = "$(TARGET_NAME)";
				SWIFT_VERSION = 5.0;
				TARGETED_DEVICE_FAMILY = "1,2";
				TEST_TARGET_NAME = First;
			};
			name = Debug;
		};
		1D318033262DE6EB008A10A8 /* Release */ = {
			isa = XCBuildConfiguration;
			buildSettings = {
				ALWAYS_EMBED_SWIFT_STANDARD_LIBRARIES = YES;
				CODE_SIGN_STYLE = Automatic;
				DEVELOPMENT_TEAM = 949Z9P63ML;
				INFOPLIST_FILE = FirstUITests/Info.plist;
				LD_RUNPATH_SEARCH_PATHS = (
					"$(inherited)",
					"@executable_path/Frameworks",
					"@loader_path/Frameworks",
				);
				PRODUCT_BUNDLE_IDENTIFIER = com.ignasiperez.FirstUITests;
				PRODUCT_NAME = "$(TARGET_NAME)";
				SWIFT_VERSION = 5.0;
				TARGETED_DEVICE_FAMILY = "1,2";
				TEST_TARGET_NAME = First;
			};
			name = Release;
		};
/* End XCBuildConfiguration section */

/* Begin XCConfigurationList section */
		1D317FFC262DE6E9008A10A8 /* Build configuration list for PBXProject "First" */ = {
			isa = XCConfigurationList;
			buildConfigurations = (
				1D318029262DE6EB008A10A8 /* Debug */,
				1D31802A262DE6EB008A10A8 /* Release */,
			);
			defaultConfigurationIsVisible = 0;
			defaultConfigurationName = Release;
		};
		1D31802B262DE6EB008A10A8 /* Build configuration list for PBXNativeTarget "First" */ = {
			isa = XCConfigurationList;
			buildConfigurations = (
				1D31802C262DE6EB008A10A8 /* Debug */,
				1D31802D262DE6EB008A10A8 /* Release */,
			);
			defaultConfigurationIsVisible = 0;
			defaultConfigurationName = Release;
		};
		1D31802E262DE6EB008A10A8 /* Build configuration list for PBXNativeTarget "FirstTests" */ = {
			isa = XCConfigurationList;
			buildConfigurations = (
				1D31802F262DE6EB008A10A8 /* Debug */,
				1D318030262DE6EB008A10A8 /* Release */,
			);
			defaultConfigurationIsVisible = 0;
			defaultConfigurationName = Release;
		};
		1D318031262DE6EB008A10A8 /* Build configuration list for PBXNativeTarget "FirstUITests" */ = {
			isa = XCConfigurationList;
			buildConfigurations = (
				1D318032262DE6EB008A10A8 /* Debug */,
				1D318033262DE6EB008A10A8 /* Release */,
			);
			defaultConfigurationIsVisible = 0;
			defaultConfigurationName = Release;
		};
/* End XCConfigurationList section */
	};
	rootObject = 1D317FF9262DE6E9008A10A8 /* Project object */;
}
