// !$*UTF8*$!
{
	archiveVersion = 1;
	classes = {
	};
	objectVersion = 50;
	objects = {

/* Begin PBXBuildFile section */
		1D7960DD26331C5A00F3D4B5 /* User.swift in Sources */ = {isa = PBXBuildFile; fileRef = 1D7960DC26331C5A00F3D4B5 /* User.swift */; };
		1D7960E226331D0000F3D4B5 /* Project.swift in Sources */ = {isa = PBXBuildFile; fileRef = 1D7960E126331D0000F3D4B5 /* Project.swift */; };
		1D7960E726331E1800F3D4B5 /* ToDoItem.swift in Sources */ = {isa = PBXBuildFile; fileRef = 1D7960E626331E1800F3D4B5 /* ToDoItem.swift */; };
		1DD4FD7826331AB900F8F3BB /* AppDelegate.swift in Sources */ = {isa = PBXBuildFile; fileRef = 1DD4FD7726331AB900F8F3BB /* AppDelegate.swift */; };
		1DD4FD7A26331AB900F8F3BB /* SceneDelegate.swift in Sources */ = {isa = PBXBuildFile; fileRef = 1DD4FD7926331AB900F8F3BB /* SceneDelegate.swift */; };
		1DD4FD7C26331AB900F8F3BB /* ViewController.swift in Sources */ = {isa = PBXBuildFile; fileRef = 1DD4FD7B26331AB900F8F3BB /* ViewController.swift */; };
		1DD4FD7F26331AB900F8F3BB /* Main.storyboard in Resources */ = {isa = PBXBuildFile; fileRef = 1DD4FD7D26331AB900F8F3BB /* Main.storyboard */; };
		1DD4FD8126331ABA00F8F3BB /* Assets.xcassets in Resources */ = {isa = PBXBuildFile; fileRef = 1DD4FD8026331ABA00F8F3BB /* Assets.xcassets */; };
		1DD4FD8426331ABA00F8F3BB /* LaunchScreen.storyboard in Resources */ = {isa = PBXBuildFile; fileRef = 1DD4FD8226331ABA00F8F3BB /* LaunchScreen.storyboard */; };
		1DD4FD8F26331ABB00F8F3BB /* UserTasksTests.swift in Sources */ = {isa = PBXBuildFile; fileRef = 1DD4FD8E26331ABB00F8F3BB /* UserTasksTests.swift */; };
		1DD4FD9A26331ABB00F8F3BB /* UserTasksUITests.swift in Sources */ = {isa = PBXBuildFile; fileRef = 1DD4FD9926331ABB00F8F3BB /* UserTasksUITests.swift */; };
/* End PBXBuildFile section */

/* Begin PBXContainerItemProxy section */
		1DD4FD8B26331ABB00F8F3BB /* PBXContainerItemProxy */ = {
			isa = PBXContainerItemProxy;
			containerPortal = 1DD4FD6C26331AB900F8F3BB /* Project object */;
			proxyType = 1;
			remoteGlobalIDString = 1DD4FD7326331AB900F8F3BB;
			remoteInfo = UserTasks;
		};
		1DD4FD9626331ABB00F8F3BB /* PBXContainerItemProxy */ = {
			isa = PBXContainerItemProxy;
			containerPortal = 1DD4FD6C26331AB900F8F3BB /* Project object */;
			proxyType = 1;
			remoteGlobalIDString = 1DD4FD7326331AB900F8F3BB;
			remoteInfo = UserTasks;
		};
/* End PBXContainerItemProxy section */

/* Begin PBXFileReference section */
		1D7960DC26331C5A00F3D4B5 /* User.swift */ = {isa = PBXFileReference; lastKnownFileType = sourcecode.swift; path = User.swift; sourceTree = "<group>"; };
		1D7960E126331D0000F3D4B5 /* Project.swift */ = {isa = PBXFileReference; lastKnownFileType = sourcecode.swift; path = Project.swift; sourceTree = "<group>"; };
		1D7960E626331E1800F3D4B5 /* ToDoItem.swift */ = {isa = PBXFileReference; lastKnownFileType = sourcecode.swift; path = ToDoItem.swift; sourceTree = "<group>"; };
		1DD4FD7426331AB900F8F3BB /* UserTasks.app */ = {isa = PBXFileReference; explicitFileType = wrapper.application; includeInIndex = 0; path = UserTasks.app; sourceTree = BUILT_PRODUCTS_DIR; };
		1DD4FD7726331AB900F8F3BB /* AppDelegate.swift */ = {isa = PBXFileReference; lastKnownFileType = sourcecode.swift; path = AppDelegate.swift; sourceTree = "<group>"; };
		1DD4FD7926331AB900F8F3BB /* SceneDelegate.swift */ = {isa = PBXFileReference; lastKnownFileType = sourcecode.swift; path = SceneDelegate.swift; sourceTree = "<group>"; };
		1DD4FD7B26331AB900F8F3BB /* ViewController.swift */ = {isa = PBXFileReference; lastKnownFileType = sourcecode.swift; path = ViewController.swift; sourceTree = "<group>"; };
		1DD4FD7E26331AB900F8F3BB /* Base */ = {isa = PBXFileReference; lastKnownFileType = file.storyboard; name = Base; path = Base.lproj/Main.storyboard; sourceTree = "<group>"; };
		1DD4FD8026331ABA00F8F3BB /* Assets.xcassets */ = {isa = PBXFileReference; lastKnownFileType = folder.assetcatalog; path = Assets.xcassets; sourceTree = "<group>"; };
		1DD4FD8326331ABA00F8F3BB /* Base */ = {isa = PBXFileReference; lastKnownFileType = file.storyboard; name = Base; path = Base.lproj/LaunchScreen.storyboard; sourceTree = "<group>"; };
		1DD4FD8526331ABA00F8F3BB /* Info.plist */ = {isa = PBXFileReference; lastKnownFileType = text.plist.xml; path = Info.plist; sourceTree = "<group>"; };
		1DD4FD8A26331ABB00F8F3BB /* UserTasksTests.xctest */ = {isa = PBXFileReference; explicitFileType = wrapper.cfbundle; includeInIndex = 0; path = UserTasksTests.xctest; sourceTree = BUILT_PRODUCTS_DIR; };
		1DD4FD8E26331ABB00F8F3BB /* UserTasksTests.swift */ = {isa = PBXFileReference; lastKnownFileType = sourcecode.swift; path = UserTasksTests.swift; sourceTree = "<group>"; };
		1DD4FD9026331ABB00F8F3BB /* Info.plist */ = {isa = PBXFileReference; lastKnownFileType = text.plist.xml; path = Info.plist; sourceTree = "<group>"; };
		1DD4FD9526331ABB00F8F3BB /* UserTasksUITests.xctest */ = {isa = PBXFileReference; explicitFileType = wrapper.cfbundle; includeInIndex = 0; path = UserTasksUITests.xctest; sourceTree = BUILT_PRODUCTS_DIR; };
		1DD4FD9926331ABB00F8F3BB /* UserTasksUITests.swift */ = {isa = PBXFileReference; lastKnownFileType = sourcecode.swift; path = UserTasksUITests.swift; sourceTree = "<group>"; };
		1DD4FD9B26331ABB00F8F3BB /* Info.plist */ = {isa = PBXFileReference; lastKnownFileType = text.plist.xml; path = Info.plist; sourceTree = "<group>"; };
/* End PBXFileReference section */

/* Begin PBXFrameworksBuildPhase section */
		1DD4FD7126331AB900F8F3BB /* Frameworks */ = {
			isa = PBXFrameworksBuildPhase;
			buildActionMask = 2147483647;
			files = (
			);
			runOnlyForDeploymentPostprocessing = 0;
		};
		1DD4FD8726331ABB00F8F3BB /* Frameworks */ = {
			isa = PBXFrameworksBuildPhase;
			buildActionMask = 2147483647;
			files = (
			);
			runOnlyForDeploymentPostprocessing = 0;
		};
		1DD4FD9226331ABB00F8F3BB /* Frameworks */ = {
			isa = PBXFrameworksBuildPhase;
			buildActionMask = 2147483647;
			files = (
			);
			runOnlyForDeploymentPostprocessing = 0;
		};
/* End PBXFrameworksBuildPhase section */

/* Begin PBXGroup section */
		1DD4FD6B26331AB900F8F3BB = {
			isa = PBXGroup;
			children = (
				1DD4FD7626331AB900F8F3BB /* UserTasks */,
				1DD4FD8D26331ABB00F8F3BB /* UserTasksTests */,
				1DD4FD9826331ABB00F8F3BB /* UserTasksUITests */,
				1DD4FD7526331AB900F8F3BB /* Products */,
			);
			sourceTree = "<group>";
		};
		1DD4FD7526331AB900F8F3BB /* Products */ = {
			isa = PBXGroup;
			children = (
				1DD4FD7426331AB900F8F3BB /* UserTasks.app */,
				1DD4FD8A26331ABB00F8F3BB /* UserTasksTests.xctest */,
				1DD4FD9526331ABB00F8F3BB /* UserTasksUITests.xctest */,
			);
			name = Products;
			sourceTree = "<group>";
		};
		1DD4FD7626331AB900F8F3BB /* UserTasks */ = {
			isa = PBXGroup;
			children = (
				1D7960DC26331C5A00F3D4B5 /* User.swift */,
				1D7960E126331D0000F3D4B5 /* Project.swift */,
				1D7960E626331E1800F3D4B5 /* ToDoItem.swift */,
				1DD4FD7726331AB900F8F3BB /* AppDelegate.swift */,
				1DD4FD7926331AB900F8F3BB /* SceneDelegate.swift */,
				1DD4FD7B26331AB900F8F3BB /* ViewController.swift */,
				1DD4FD7D26331AB900F8F3BB /* Main.storyboard */,
				1DD4FD8026331ABA00F8F3BB /* Assets.xcassets */,
				1DD4FD8226331ABA00F8F3BB /* LaunchScreen.storyboard */,
				1DD4FD8526331ABA00F8F3BB /* Info.plist */,
			);
			path = UserTasks;
			sourceTree = "<group>";
		};
		1DD4FD8D26331ABB00F8F3BB /* UserTasksTests */ = {
			isa = PBXGroup;
			children = (
				1DD4FD8E26331ABB00F8F3BB /* UserTasksTests.swift */,
				1DD4FD9026331ABB00F8F3BB /* Info.plist */,
			);
			path = UserTasksTests;
			sourceTree = "<group>";
		};
		1DD4FD9826331ABB00F8F3BB /* UserTasksUITests */ = {
			isa = PBXGroup;
			children = (
				1DD4FD9926331ABB00F8F3BB /* UserTasksUITests.swift */,
				1DD4FD9B26331ABB00F8F3BB /* Info.plist */,
			);
			path = UserTasksUITests;
			sourceTree = "<group>";
		};
/* End PBXGroup section */

/* Begin PBXNativeTarget section */
		1DD4FD7326331AB900F8F3BB /* UserTasks */ = {
			isa = PBXNativeTarget;
			buildConfigurationList = 1DD4FD9E26331ABB00F8F3BB /* Build configuration list for PBXNativeTarget "UserTasks" */;
			buildPhases = (
				1DD4FD7026331AB900F8F3BB /* Sources */,
				1DD4FD7126331AB900F8F3BB /* Frameworks */,
				1DD4FD7226331AB900F8F3BB /* Resources */,
			);
			buildRules = (
			);
			dependencies = (
			);
			name = UserTasks;
			productName = UserTasks;
			productReference = 1DD4FD7426331AB900F8F3BB /* UserTasks.app */;
			productType = "com.apple.product-type.application";
		};
		1DD4FD8926331ABB00F8F3BB /* UserTasksTests */ = {
			isa = PBXNativeTarget;
			buildConfigurationList = 1DD4FDA126331ABB00F8F3BB /* Build configuration list for PBXNativeTarget "UserTasksTests" */;
			buildPhases = (
				1DD4FD8626331ABB00F8F3BB /* Sources */,
				1DD4FD8726331ABB00F8F3BB /* Frameworks */,
				1DD4FD8826331ABB00F8F3BB /* Resources */,
			);
			buildRules = (
			);
			dependencies = (
				1DD4FD8C26331ABB00F8F3BB /* PBXTargetDependency */,
			);
			name = UserTasksTests;
			productName = UserTasksTests;
			productReference = 1DD4FD8A26331ABB00F8F3BB /* UserTasksTests.xctest */;
			productType = "com.apple.product-type.bundle.unit-test";
		};
		1DD4FD9426331ABB00F8F3BB /* UserTasksUITests */ = {
			isa = PBXNativeTarget;
			buildConfigurationList = 1DD4FDA426331ABB00F8F3BB /* Build configuration list for PBXNativeTarget "UserTasksUITests" */;
			buildPhases = (
				1DD4FD9126331ABB00F8F3BB /* Sources */,
				1DD4FD9226331ABB00F8F3BB /* Frameworks */,
				1DD4FD9326331ABB00F8F3BB /* Resources */,
			);
			buildRules = (
			);
			dependencies = (
				1DD4FD9726331ABB00F8F3BB /* PBXTargetDependency */,
			);
			name = UserTasksUITests;
			productName = UserTasksUITests;
			productReference = 1DD4FD9526331ABB00F8F3BB /* UserTasksUITests.xctest */;
			productType = "com.apple.product-type.bundle.ui-testing";
		};
/* End PBXNativeTarget section */

/* Begin PBXProject section */
		1DD4FD6C26331AB900F8F3BB /* Project object */ = {
			isa = PBXProject;
			attributes = {
				LastSwiftUpdateCheck = 1240;
				LastUpgradeCheck = 1240;
				TargetAttributes = {
					1DD4FD7326331AB900F8F3BB = {
						CreatedOnToolsVersion = 12.4;
					};
					1DD4FD8926331ABB00F8F3BB = {
						CreatedOnToolsVersion = 12.4;
						TestTargetID = 1DD4FD7326331AB900F8F3BB;
					};
					1DD4FD9426331ABB00F8F3BB = {
						CreatedOnToolsVersion = 12.4;
						TestTargetID = 1DD4FD7326331AB900F8F3BB;
					};
				};
			};
			buildConfigurationList = 1DD4FD6F26331AB900F8F3BB /* Build configuration list for PBXProject "UserTasks" */;
			compatibilityVersion = "Xcode 9.3";
			developmentRegion = en;
			hasScannedForEncodings = 0;
			knownRegions = (
				en,
				Base,
			);
			mainGroup = 1DD4FD6B26331AB900F8F3BB;
			productRefGroup = 1DD4FD7526331AB900F8F3BB /* Products */;
			projectDirPath = "";
			projectRoot = "";
			targets = (
				1DD4FD7326331AB900F8F3BB /* UserTasks */,
				1DD4FD8926331ABB00F8F3BB /* UserTasksTests */,
				1DD4FD9426331ABB00F8F3BB /* UserTasksUITests */,
			);
		};
/* End PBXProject section */

/* Begin PBXResourcesBuildPhase section */
		1DD4FD7226331AB900F8F3BB /* Resources */ = {
			isa = PBXResourcesBuildPhase;
			buildActionMask = 2147483647;
			files = (
				1DD4FD8426331ABA00F8F3BB /* LaunchScreen.storyboard in Resources */,
				1DD4FD8126331ABA00F8F3BB /* Assets.xcassets in Resources */,
				1DD4FD7F26331AB900F8F3BB /* Main.storyboard in Resources */,
			);
			runOnlyForDeploymentPostprocessing = 0;
		};
		1DD4FD8826331ABB00F8F3BB /* Resources */ = {
			isa = PBXResourcesBuildPhase;
			buildActionMask = 2147483647;
			files = (
			);
			runOnlyForDeploymentPostprocessing = 0;
		};
		1DD4FD9326331ABB00F8F3BB /* Resources */ = {
			isa = PBXResourcesBuildPhase;
			buildActionMask = 2147483647;
			files = (
			);
			runOnlyForDeploymentPostprocessing = 0;
		};
/* End PBXResourcesBuildPhase section */

/* Begin PBXSourcesBuildPhase section */
		1DD4FD7026331AB900F8F3BB /* Sources */ = {
			isa = PBXSourcesBuildPhase;
			buildActionMask = 2147483647;
			files = (
				1D7960DD26331C5A00F3D4B5 /* User.swift in Sources */,
				1DD4FD7C26331AB900F8F3BB /* ViewController.swift in Sources */,
				1D7960E726331E1800F3D4B5 /* ToDoItem.swift in Sources */,
				1DD4FD7826331AB900F8F3BB /* AppDelegate.swift in Sources */,
				1D7960E226331D0000F3D4B5 /* Project.swift in Sources */,
				1DD4FD7A26331AB900F8F3BB /* SceneDelegate.swift in Sources */,
			);
			runOnlyForDeploymentPostprocessing = 0;
		};
		1DD4FD8626331ABB00F8F3BB /* Sources */ = {
			isa = PBXSourcesBuildPhase;
			buildActionMask = 2147483647;
			files = (
				1DD4FD8F26331ABB00F8F3BB /* UserTasksTests.swift in Sources */,
			);
			runOnlyForDeploymentPostprocessing = 0;
		};
		1DD4FD9126331ABB00F8F3BB /* Sources */ = {
			isa = PBXSourcesBuildPhase;
			buildActionMask = 2147483647;
			files = (
				1DD4FD9A26331ABB00F8F3BB /* UserTasksUITests.swift in Sources */,
			);
			runOnlyForDeploymentPostprocessing = 0;
		};
/* End PBXSourcesBuildPhase section */

/* Begin PBXTargetDependency section */
		1DD4FD8C26331ABB00F8F3BB /* PBXTargetDependency */ = {
			isa = PBXTargetDependency;
			target = 1DD4FD7326331AB900F8F3BB /* UserTasks */;
			targetProxy = 1DD4FD8B26331ABB00F8F3BB /* PBXContainerItemProxy */;
		};
		1DD4FD9726331ABB00F8F3BB /* PBXTargetDependency */ = {
			isa = PBXTargetDependency;
			target = 1DD4FD7326331AB900F8F3BB /* UserTasks */;
			targetProxy = 1DD4FD9626331ABB00F8F3BB /* PBXContainerItemProxy */;
		};
/* End PBXTargetDependency section */

/* Begin PBXVariantGroup section */
		1DD4FD7D26331AB900F8F3BB /* Main.storyboard */ = {
			isa = PBXVariantGroup;
			children = (
				1DD4FD7E26331AB900F8F3BB /* Base */,
			);
			name = Main.storyboard;
			sourceTree = "<group>";
		};
		1DD4FD8226331ABA00F8F3BB /* LaunchScreen.storyboard */ = {
			isa = PBXVariantGroup;
			children = (
				1DD4FD8326331ABA00F8F3BB /* Base */,
			);
			name = LaunchScreen.storyboard;
			sourceTree = "<group>";
		};
/* End PBXVariantGroup section */

/* Begin XCBuildConfiguration section */
		1DD4FD9C26331ABB00F8F3BB /* Debug */ = {
			isa = XCBuildConfiguration;
			buildSettings = {
				ALWAYS_SEARCH_USER_PATHS = NO;
				CLANG_ANALYZER_NONNULL = YES;
				CLANG_ANALYZER_NUMBER_OBJECT_CONVERSION = YES_AGGRESSIVE;
				CLANG_CXX_LANGUAGE_STANDARD = "gnu++14";
				CLANG_CXX_LIBRARY = "libc++";
				CLANG_ENABLE_MODULES = YES;
				CLANG_ENABLE_OBJC_ARC = YES;
				CLANG_ENABLE_OBJC_WEAK = YES;
				CLANG_WARN_BLOCK_CAPTURE_AUTORELEASING = YES;
				CLANG_WARN_BOOL_CONVERSION = YES;
				CLANG_WARN_COMMA = YES;
				CLANG_WARN_CONSTANT_CONVERSION = YES;
				CLANG_WARN_DEPRECATED_OBJC_IMPLEMENTATIONS = YES;
				CLANG_WARN_DIRECT_OBJC_ISA_USAGE = YES_ERROR;
				CLANG_WARN_DOCUMENTATION_COMMENTS = YES;
				CLANG_WARN_EMPTY_BODY = YES;
				CLANG_WARN_ENUM_CONVERSION = YES;
				CLANG_WARN_INFINITE_RECURSION = YES;
				CLANG_WARN_INT_CONVERSION = YES;
				CLANG_WARN_NON_LITERAL_NULL_CONVERSION = YES;
				CLANG_WARN_OBJC_IMPLICIT_RETAIN_SELF = YES;
				CLANG_WARN_OBJC_LITERAL_CONVERSION = YES;
				CLANG_WARN_OBJC_ROOT_CLASS = YES_ERROR;
				CLANG_WARN_QUOTED_INCLUDE_IN_FRAMEWORK_HEADER = YES;
				CLANG_WARN_RANGE_LOOP_ANALYSIS = YES;
				CLANG_WARN_STRICT_PROTOTYPES = YES;
				CLANG_WARN_SUSPICIOUS_MOVE = YES;
				CLANG_WARN_UNGUARDED_AVAILABILITY = YES_AGGRESSIVE;
				CLANG_WARN_UNREACHABLE_CODE = YES;
				CLANG_WARN__DUPLICATE_METHOD_MATCH = YES;
				COPY_PHASE_STRIP = NO;
				DEBUG_INFORMATION_FORMAT = dwarf;
				ENABLE_STRICT_OBJC_MSGSEND = YES;
				ENABLE_TESTABILITY = YES;
				GCC_C_LANGUAGE_STANDARD = gnu11;
				GCC_DYNAMIC_NO_PIC = NO;
				GCC_NO_COMMON_BLOCKS = YES;
				GCC_OPTIMIZATION_LEVEL = 0;
				GCC_PREPROCESSOR_DEFINITIONS = (
					"DEBUG=1",
					"$(inherited)",
				);
				GCC_WARN_64_TO_32_BIT_CONVERSION = YES;
				GCC_WARN_ABOUT_RETURN_TYPE = YES_ERROR;
				GCC_WARN_UNDECLARED_SELECTOR = YES;
				GCC_WARN_UNINITIALIZED_AUTOS = YES_AGGRESSIVE;
				GCC_WARN_UNUSED_FUNCTION = YES;
				GCC_WARN_UNUSED_VARIABLE = YES;
				IPHONEOS_DEPLOYMENT_TARGET = 14.4;
				MTL_ENABLE_DEBUG_INFO = INCLUDE_SOURCE;
				MTL_FAST_MATH = YES;
				ONLY_ACTIVE_ARCH = YES;
				SDKROOT = iphoneos;
				SWIFT_ACTIVE_COMPILATION_CONDITIONS = DEBUG;
				SWIFT_OPTIMIZATION_LEVEL = "-Onone";
			};
			name = Debug;
		};
		1DD4FD9D26331ABB00F8F3BB /* Release */ = {
			isa = XCBuildConfiguration;
			buildSettings = {
				ALWAYS_SEARCH_USER_PATHS = NO;
				CLANG_ANALYZER_NONNULL = YES;
				CLANG_ANALYZER_NUMBER_OBJECT_CONVERSION = YES_AGGRESSIVE;
				CLANG_CXX_LANGUAGE_STANDARD = "gnu++14";
				CLANG_CXX_LIBRARY = "libc++";
				CLANG_ENABLE_MODULES = YES;
				CLANG_ENABLE_OBJC_ARC = YES;
				CLANG_ENABLE_OBJC_WEAK = YES;
				CLANG_WARN_BLOCK_CAPTURE_AUTORELEASING = YES;
				CLANG_WARN_BOOL_CONVERSION = YES;
				CLANG_WARN_COMMA = YES;
				CLANG_WARN_CONSTANT_CONVERSION = YES;
				CLANG_WARN_DEPRECATED_OBJC_IMPLEMENTATIONS = YES;
				CLANG_WARN_DIRECT_OBJC_ISA_USAGE = YES_ERROR;
				CLANG_WARN_DOCUMENTATION_COMMENTS = YES;
				CLANG_WARN_EMPTY_BODY = YES;
				CLANG_WARN_ENUM_CONVERSION = YES;
				CLANG_WARN_INFINITE_RECURSION = YES;
				CLANG_WARN_INT_CONVERSION = YES;
				CLANG_WARN_NON_LITERAL_NULL_CONVERSION = YES;
				CLANG_WARN_OBJC_IMPLICIT_RETAIN_SELF = YES;
				CLANG_WARN_OBJC_LITERAL_CONVERSION = YES;
				CLANG_WARN_OBJC_ROOT_CLASS = YES_ERROR;
				CLANG_WARN_QUOTED_INCLUDE_IN_FRAMEWORK_HEADER = YES;
				CLANG_WARN_RANGE_LOOP_ANALYSIS = YES;
				CLANG_WARN_STRICT_PROTOTYPES = YES;
				CLANG_WARN_SUSPICIOUS_MOVE = YES;
				CLANG_WARN_UNGUARDED_AVAILABILITY = YES_AGGRESSIVE;
				CLANG_WARN_UNREACHABLE_CODE = YES;
				CLANG_WARN__DUPLICATE_METHOD_MATCH = YES;
				COPY_PHASE_STRIP = NO;
				DEBUG_INFORMATION_FORMAT = "dwarf-with-dsym";
				ENABLE_NS_ASSERTIONS = NO;
				ENABLE_STRICT_OBJC_MSGSEND = YES;
				GCC_C_LANGUAGE_STANDARD = gnu11;
				GCC_NO_COMMON_BLOCKS = YES;
				GCC_WARN_64_TO_32_BIT_CONVERSION = YES;
				GCC_WARN_ABOUT_RETURN_TYPE = YES_ERROR;
				GCC_WARN_UNDECLARED_SELECTOR = YES;
				GCC_WARN_UNINITIALIZED_AUTOS = YES_AGGRESSIVE;
				GCC_WARN_UNUSED_FUNCTION = YES;
				GCC_WARN_UNUSED_VARIABLE = YES;
				IPHONEOS_DEPLOYMENT_TARGET = 14.4;
				MTL_ENABLE_DEBUG_INFO = NO;
				MTL_FAST_MATH = YES;
				SDKROOT = iphoneos;
				SWIFT_COMPILATION_MODE = wholemodule;
				SWIFT_OPTIMIZATION_LEVEL = "-O";
				VALIDATE_PRODUCT = YES;
			};
			name = Release;
		};
		1DD4FD9F26331ABB00F8F3BB /* Debug */ = {
			isa = XCBuildConfiguration;
			buildSettings = {
				ASSETCATALOG_COMPILER_APPICON_NAME = AppIcon;
				ASSETCATALOG_COMPILER_GLOBAL_ACCENT_COLOR_NAME = AccentColor;
				CODE_SIGN_STYLE = Automatic;
				DEVELOPMENT_TEAM = 949Z9P63ML;
				INFOPLIST_FILE = UserTasks/Info.plist;
				LD_RUNPATH_SEARCH_PATHS = (
					"$(inherited)",
					"@executable_path/Frameworks",
				);
				PRODUCT_BUNDLE_IDENTIFIER = com.ignasiperez.UserTasks;
				PRODUCT_NAME = "$(TARGET_NAME)";
				SWIFT_VERSION = 5.0;
				TARGETED_DEVICE_FAMILY = "1,2";
			};
			name = Debug;
		};
		1DD4FDA026331ABB00F8F3BB /* Release */ = {
			isa = XCBuildConfiguration;
			buildSettings = {
				ASSETCATALOG_COMPILER_APPICON_NAME = AppIcon;
				ASSETCATALOG_COMPILER_GLOBAL_ACCENT_COLOR_NAME = AccentColor;
				CODE_SIGN_STYLE = Automatic;
				DEVELOPMENT_TEAM = 949Z9P63ML;
				INFOPLIST_FILE = UserTasks/Info.plist;
				LD_RUNPATH_SEARCH_PATHS = (
					"$(inherited)",
					"@executable_path/Frameworks",
				);
				PRODUCT_BUNDLE_IDENTIFIER = com.ignasiperez.UserTasks;
				PRODUCT_NAME = "$(TARGET_NAME)";
				SWIFT_VERSION = 5.0;
				TARGETED_DEVICE_FAMILY = "1,2";
			};
			name = Release;
		};
		1DD4FDA226331ABB00F8F3BB /* Debug */ = {
			isa = XCBuildConfiguration;
			buildSettings = {
				ALWAYS_EMBED_SWIFT_STANDARD_LIBRARIES = YES;
				BUNDLE_LOADER = "$(TEST_HOST)";
				CODE_SIGN_STYLE = Automatic;
				DEVELOPMENT_TEAM = 949Z9P63ML;
				INFOPLIST_FILE = UserTasksTests/Info.plist;
				IPHONEOS_DEPLOYMENT_TARGET = 14.4;
				LD_RUNPATH_SEARCH_PATHS = (
					"$(inherited)",
					"@executable_path/Frameworks",
					"@loader_path/Frameworks",
				);
				PRODUCT_BUNDLE_IDENTIFIER = com.ignasiperez.UserTasksTests;
				PRODUCT_NAME = "$(TARGET_NAME)";
				SWIFT_VERSION = 5.0;
				TARGETED_DEVICE_FAMILY = "1,2";
				TEST_HOST = "$(BUILT_PRODUCTS_DIR)/UserTasks.app/UserTasks";
			};
			name = Debug;
		};
		1DD4FDA326331ABB00F8F3BB /* Release */ = {
			isa = XCBuildConfiguration;
			buildSettings = {
				ALWAYS_EMBED_SWIFT_STANDARD_LIBRARIES = YES;
				BUNDLE_LOADER = "$(TEST_HOST)";
				CODE_SIGN_STYLE = Automatic;
				DEVELOPMENT_TEAM = 949Z9P63ML;
				INFOPLIST_FILE = UserTasksTests/Info.plist;
				IPHONEOS_DEPLOYMENT_TARGET = 14.4;
				LD_RUNPATH_SEARCH_PATHS = (
					"$(inherited)",
					"@executable_path/Frameworks",
					"@loader_path/Frameworks",
				);
				PRODUCT_BUNDLE_IDENTIFIER = com.ignasiperez.UserTasksTests;
				PRODUCT_NAME = "$(TARGET_NAME)";
				SWIFT_VERSION = 5.0;
				TARGETED_DEVICE_FAMILY = "1,2";
				TEST_HOST = "$(BUILT_PRODUCTS_DIR)/UserTasks.app/UserTasks";
			};
			name = Release;
		};
		1DD4FDA526331ABB00F8F3BB /* Debug */ = {
			isa = XCBuildConfiguration;
			buildSettings = {
				ALWAYS_EMBED_SWIFT_STANDARD_LIBRARIES = YES;
				CODE_SIGN_STYLE = Automatic;
				DEVELOPMENT_TEAM = 949Z9P63ML;
				INFOPLIST_FILE = UserTasksUITests/Info.plist;
				LD_RUNPATH_SEARCH_PATHS = (
					"$(inherited)",
					"@executable_path/Frameworks",
					"@loader_path/Frameworks",
				);
				PRODUCT_BUNDLE_IDENTIFIER = com.ignasiperez.UserTasksUITests;
				PRODUCT_NAME = "$(TARGET_NAME)";
				SWIFT_VERSION = 5.0;
				TARGETED_DEVICE_FAMILY = "1,2";
				TEST_TARGET_NAME = UserTasks;
			};
			name = Debug;
		};
		1DD4FDA626331ABB00F8F3BB /* Release */ = {
			isa = XCBuildConfiguration;
			buildSettings = {
				ALWAYS_EMBED_SWIFT_STANDARD_LIBRARIES = YES;
				CODE_SIGN_STYLE = Automatic;
				DEVELOPMENT_TEAM = 949Z9P63ML;
				INFOPLIST_FILE = UserTasksUITests/Info.plist;
				LD_RUNPATH_SEARCH_PATHS = (
					"$(inherited)",
					"@executable_path/Frameworks",
					"@loader_path/Frameworks",
				);
				PRODUCT_BUNDLE_IDENTIFIER = com.ignasiperez.UserTasksUITests;
				PRODUCT_NAME = "$(TARGET_NAME)";
				SWIFT_VERSION = 5.0;
				TARGETED_DEVICE_FAMILY = "1,2";
				TEST_TARGET_NAME = UserTasks;
			};
			name = Release;
		};
/* End XCBuildConfiguration section */

/* Begin XCConfigurationList section */
		1DD4FD6F26331AB900F8F3BB /* Build configuration list for PBXProject "UserTasks" */ = {
			isa = XCConfigurationList;
			buildConfigurations = (
				1DD4FD9C26331ABB00F8F3BB /* Debug */,
				1DD4FD9D26331ABB00F8F3BB /* Release */,
			);
			defaultConfigurationIsVisible = 0;
			defaultConfigurationName = Release;
		};
		1DD4FD9E26331ABB00F8F3BB /* Build configuration list for PBXNativeTarget "UserTasks" */ = {
			isa = XCConfigurationList;
			buildConfigurations = (
				1DD4FD9F26331ABB00F8F3BB /* Debug */,
				1DD4FDA026331ABB00F8F3BB /* Release */,
			);
			defaultConfigurationIsVisible = 0;
			defaultConfigurationName = Release;
		};
		1DD4FDA126331ABB00F8F3BB /* Build configuration list for PBXNativeTarget "UserTasksTests" */ = {
			isa = XCConfigurationList;
			buildConfigurations = (
				1DD4FDA226331ABB00F8F3BB /* Debug */,
				1DD4FDA326331ABB00F8F3BB /* Release */,
			);
			defaultConfigurationIsVisible = 0;
			defaultConfigurationName = Release;
		};
		1DD4FDA426331ABB00F8F3BB /* Build configuration list for PBXNativeTarget "UserTasksUITests" */ = {
			isa = XCConfigurationList;
			buildConfigurations = (
				1DD4FDA526331ABB00F8F3BB /* Debug */,
				1DD4FDA626331ABB00F8F3BB /* Release */,
			);
			defaultConfigurationIsVisible = 0;
			defaultConfigurationName = Release;
		};
/* End XCConfigurationList section */
	};
	rootObject = 1DD4FD6C26331AB900F8F3BB /* Project object */;
}
